
Microsoft Visual Studio Solution File, Format Version 12.00
# Visual Studio Version 17
VisualStudioVersion = 17.4.33213.308
MinimumVisualStudioVersion = 10.0.40219.1
Project("{9A19103F-16F7-4668-BE54-9A1E7A4F7556}") = "BulkyBookWeb", "BulkyBookWeb\BulkyBookWeb.csproj", "{43177552-A36D-4325-B7C0-C49A85658547}"
EndProject
Project("{9A19103F-16F7-4668-BE54-9A1E7A4F7556}") = "BulkyBook.DataAccess", "BulkyBook.DataAccess\BulkyBook.DataAccess.csproj", "{C72B01D0-861F-46B3-9DDA-901A27230B7F}"
EndProject
Project("{9A19103F-16F7-4668-BE54-9A1E7A4F7556}") = "BulkyBook.Models", "BulkyBook.Models\BulkyBook.Models.csproj", "{625E4028-B348-4C97-AF2D-373BC57B0F78}"
EndProject
Project("{9A19103F-16F7-4668-BE54-9A1E7A4F7556}") = "BulkyBook.Utility", "BulkyBook.Utility\BulkyBook.Utility.csproj", "{4FC6C18A-9298-4C34-BFB1-C3402E57DF1C}"
EndProject
Global
	GlobalSection(SolutionConfigurationPlatforms) = preSolution
		Debug|Any CPU = Debug|Any CPU
		Release|Any CPU = Release|Any CPU
	EndGlobalSection
	GlobalSection(ProjectConfigurationPlatforms) = postSolution
		{43177552-A36D-4325-B7C0-C49A85658547}.Debug|Any CPU.ActiveCfg = Debug|Any CPU
		{43177552-A36D-4325-B7C0-C49A85658547}.Debug|Any CPU.Build.0 = Debug|Any CPU
		{43177552-A36D-4325-B7C0-C49A85658547}.Release|Any CPU.ActiveCfg = Release|Any CPU
		{43177552-A36D-4325-B7C0-C49A85658547}.Release|Any CPU.Build.0 = Release|Any CPU
		{C72B01D0-861F-46B3-9DDA-901A27230B7F}.Debug|Any CPU.ActiveCfg = Debug|Any CPU
		{C72B01D0-861F-46B3-9DDA-901A27230B7F}.Debug|Any CPU.Build.0 = Debug|Any CPU
		{C72B01D0-861F-46B3-9DDA-901A27230B7F}.Release|Any CPU.ActiveCfg = Release|Any CPU
		{C72B01D0-861F-46B3-9DDA-901A27230B7F}.Release|Any CPU.Build.0 = Release|Any CPU
		{625E4028-B348-4C97-AF2D-373BC57B0F78}.Debug|Any CPU.ActiveCfg = Debug|Any CPU
		{625E4028-B348-4C97-AF2D-373BC57B0F78}.Debug|Any CPU.Build.0 = Debug|Any CPU
		{625E4028-B348-4C97-AF2D-373BC57B0F78}.Release|Any CPU.ActiveCfg = Release|Any CPU
		{625E4028-B348-4C97-AF2D-373BC57B0F78}.Release|Any CPU.Build.0 = Release|Any CPU
		{4FC6C18A-9298-4C34-BFB1-C3402E57DF1C}.Debug|Any CPU.ActiveCfg = Debug|Any CPU
		{4FC6C18A-9298-4C34-BFB1-C3402E57DF1C}.Debug|Any CPU.Build.0 = Debug|Any CPU
		{4FC6C18A-9298-4C34-BFB1-C3402E57DF1C}.Release|Any CPU.ActiveCfg = Release|Any CPU
		{4FC6C18A-9298-4C34-BFB1-C3402E57DF1C}.Release|Any CPU.Build.0 = Release|Any CPU
	EndGlobalSection
	GlobalSection(SolutionProperties) = preSolution
		HideSolutionNode = FALSE
	EndGlobalSection
	GlobalSection(ExtensibilityGlobals) = postSolution
		SolutionGuid = {7DA61CD3-5E1A-4AFC-AFEC-2FB0A1D28F6F}
	EndGlobalSection
EndGlobal
